
Microsoft Visual Studio Solution File, Format Version 12.00
# Visual Studio Version 17
VisualStudioVersion = 17.9.34714.143
MinimumVisualStudioVersion = 10.0.40219.1
Project("{FAE04EC0-301F-11D3-BF4B-00C04F79EFBC}") = "ARDUINO GUI", "ARDUINO GUI\ARDUINO GUI.csproj", "{4BE3A754-B871-4488-B3EB-0854EDBFF2DE}"
EndProject
Global
	GlobalSection(SolutionConfigurationPlatforms) = preSolution
		Debug|Any CPU = Debug|Any CPU
		Release|Any CPU = Release|Any CPU
	EndGlobalSection
	GlobalSection(ProjectConfigurationPlatforms) = postSolution
		{4BE3A754-B871-4488-B3EB-0854EDBFF2DE}.Debug|Any CPU.ActiveCfg = Debug|Any CPU
		{4BE3A754-B871-4488-B3EB-0854EDBFF2DE}.Debug|Any CPU.Build.0 = Debug|Any CPU
		{4BE3A754-B871-4488-B3EB-0854EDBFF2DE}.Release|Any CPU.ActiveCfg = Release|Any CPU
		{4BE3A754-B871-4488-B3EB-0854EDBFF2DE}.Release|Any CPU.Build.0 = Release|Any CPU
	EndGlobalSection
	GlobalSection(SolutionProperties) = preSolution
		HideSolutionNode = FALSE
	EndGlobalSection
	GlobalSection(ExtensibilityGlobals) = postSolution
		SolutionGuid = {7AB0897F-2E95-40AF-B46F-CF4951B872E7}
	EndGlobalSection
EndGlobal
